
Microsoft Visual Studio Solution File, Format Version 12.00
# Visual Studio Version 17
VisualStudioVersion = 17.0.31919.166
MinimumVisualStudioVersion = 10.0.40219.1
Project("{FAE04EC0-301F-11D3-BF4B-00C04F79EFBC}") = "Module3HW5", "Module3HW5\Module3HW5.csproj", "{2656B101-5D38-4E62-BC70-AA0E11C79FE8}"
EndProject
Global
	GlobalSection(SolutionConfigurationPlatforms) = preSolution
		Debug|Any CPU = Debug|Any CPU
		Release|Any CPU = Release|Any CPU
	EndGlobalSection
	GlobalSection(ProjectConfigurationPlatforms) = postSolution
		{2656B101-5D38-4E62-BC70-AA0E11C79FE8}.Debug|Any CPU.ActiveCfg = Debug|Any CPU
		{2656B101-5D38-4E62-BC70-AA0E11C79FE8}.Debug|Any CPU.Build.0 = Debug|Any CPU
		{2656B101-5D38-4E62-BC70-AA0E11C79FE8}.Release|Any CPU.ActiveCfg = Release|Any CPU
		{2656B101-5D38-4E62-BC70-AA0E11C79FE8}.Release|Any CPU.Build.0 = Release|Any CPU
	EndGlobalSection
	GlobalSection(SolutionProperties) = preSolution
		HideSolutionNode = FALSE
	EndGlobalSection
	GlobalSection(ExtensibilityGlobals) = postSolution
		SolutionGuid = {CB8C30DD-E130-472E-8223-FD76F51097F8}
	EndGlobalSection
EndGlobal
