
Microsoft Visual Studio Solution File, Format Version 12.00
# Visual Studio Version 17
VisualStudioVersion = 17.6.33815.320
MinimumVisualStudioVersion = 10.0.40219.1
Project("{FAE04EC0-301F-11D3-BF4B-00C04F79EFBC}") = "Module3HW5", "Module3HW5.csproj", "{93F1D47A-D116-402E-A5D1-3382070330C7}"
EndProject
Global
	GlobalSection(SolutionConfigurationPlatforms) = preSolution
		Debug|Any CPU = Debug|Any CPU
		Release|Any CPU = Release|Any CPU
	EndGlobalSection
	GlobalSection(ProjectConfigurationPlatforms) = postSolution
		{93F1D47A-D116-402E-A5D1-3382070330C7}.Debug|Any CPU.ActiveCfg = Debug|Any CPU
		{93F1D47A-D116-402E-A5D1-3382070330C7}.Debug|Any CPU.Build.0 = Debug|Any CPU
		{93F1D47A-D116-402E-A5D1-3382070330C7}.Release|Any CPU.ActiveCfg = Release|Any CPU
		{93F1D47A-D116-402E-A5D1-3382070330C7}.Release|Any CPU.Build.0 = Release|Any CPU
	EndGlobalSection
	GlobalSection(SolutionProperties) = preSolution
		HideSolutionNode = FALSE
	EndGlobalSection
	GlobalSection(ExtensibilityGlobals) = postSolution
		SolutionGuid = {BECE193E-182A-4E4F-A3E2-8910D5DE558B}
	EndGlobalSection
EndGlobal
